// !$*UTF8*$!
{
	archiveVersion = 1;
	classes = {
	};
	objectVersion = 46;
	objects = {

/* Begin PBXBuildFile section */
		DCDE2A0F1D0895F50049D38B /* AppDelegate.swift in Sources */ = {isa = PBXBuildFile; fileRef = DCDE2A0E1D0895F50049D38B /* AppDelegate.swift */; };
		DCDE2A161D0895F50049D38B /* Assets.xcassets in Resources */ = {isa = PBXBuildFile; fileRef = DCDE2A151D0895F50049D38B /* Assets.xcassets */; };
		DCDE2A191D0895F50049D38B /* LaunchScreen.storyboard in Resources */ = {isa = PBXBuildFile; fileRef = DCDE2A171D0895F50049D38B /* LaunchScreen.storyboard */; };
		DCDE2A221D0896EE0049D38B /* MainScreenController.swift in Sources */ = {isa = PBXBuildFile; fileRef = DCDE2A201D0896EE0049D38B /* MainScreenController.swift */; };
		DCDE2A231D0896EE0049D38B /* MainScreenController.xib in Resources */ = {isa = PBXBuildFile; fileRef = DCDE2A211D0896EE0049D38B /* MainScreenController.xib */; };
		DCDE2A251D089B990049D38B /* MapKit.framework in Frameworks */ = {isa = PBXBuildFile; fileRef = DCDE2A241D089B990049D38B /* MapKit.framework */; };
		DCDE2A271D08A0EC0049D38B /* Place.swift in Sources */ = {isa = PBXBuildFile; fileRef = DCDE2A261D08A0EC0049D38B /* Place.swift */; };
		DCDE2A2A1D08A38E0049D38B /* neverathome.jpg in Resources */ = {isa = PBXBuildFile; fileRef = DCDE2A291D08A38E0049D38B /* neverathome.jpg */; };
		DCDE2A2C1D08A4970049D38B /* LionsHead.jpg in Resources */ = {isa = PBXBuildFile; fileRef = DCDE2A2B1D08A4970049D38B /* LionsHead.jpg */; };
		DCDE2A341D08AB9D0049D38B /* tableViewCell.swift in Sources */ = {isa = PBXBuildFile; fileRef = DCDE2A321D08AB9D0049D38B /* tableViewCell.swift */; };
		DCDE2A351D08AB9D0049D38B /* tableViewCell.xib in Resources */ = {isa = PBXBuildFile; fileRef = DCDE2A331D08AB9D0049D38B /* tableViewCell.xib */; };
		DCDE2A391D08AC4B0049D38B /* star_black.png in Resources */ = {isa = PBXBuildFile; fileRef = DCDE2A371D08AC4B0049D38B /* star_black.png */; };
		DCDE2A3A1D08AC4B0049D38B /* star_pink.png in Resources */ = {isa = PBXBuildFile; fileRef = DCDE2A381D08AC4B0049D38B /* star_pink.png */; };
/* End PBXBuildFile section */

/* Begin PBXFileReference section */
		DCDE2A0B1D0895F50049D38B /* iXplore2.app */ = {isa = PBXFileReference; explicitFileType = wrapper.application; includeInIndex = 0; path = iXplore2.app; sourceTree = BUILT_PRODUCTS_DIR; };
		DCDE2A0E1D0895F50049D38B /* AppDelegate.swift */ = {isa = PBXFileReference; lastKnownFileType = sourcecode.swift; path = AppDelegate.swift; sourceTree = "<group>"; };
		DCDE2A151D0895F50049D38B /* Assets.xcassets */ = {isa = PBXFileReference; lastKnownFileType = folder.assetcatalog; path = Assets.xcassets; sourceTree = "<group>"; };
		DCDE2A181D0895F50049D38B /* Base */ = {isa = PBXFileReference; lastKnownFileType = file.storyboard; name = Base; path = Base.lproj/LaunchScreen.storyboard; sourceTree = "<group>"; };
		DCDE2A1A1D0895F50049D38B /* Info.plist */ = {isa = PBXFileReference; lastKnownFileType = text.plist.xml; path = Info.plist; sourceTree = "<group>"; };
		DCDE2A201D0896EE0049D38B /* MainScreenController.swift */ = {isa = PBXFileReference; fileEncoding = 4; lastKnownFileType = sourcecode.swift; path = MainScreenController.swift; sourceTree = "<group>"; };
		DCDE2A211D0896EE0049D38B /* MainScreenController.xib */ = {isa = PBXFileReference; fileEncoding = 4; lastKnownFileType = file.xib; path = MainScreenController.xib; sourceTree = "<group>"; };
		DCDE2A241D089B990049D38B /* MapKit.framework */ = {isa = PBXFileReference; lastKnownFileType = wrapper.framework; name = MapKit.framework; path = System/Library/Frameworks/MapKit.framework; sourceTree = SDKROOT; };
		DCDE2A261D08A0EC0049D38B /* Place.swift */ = {isa = PBXFileReference; fileEncoding = 4; lastKnownFileType = sourcecode.swift; path = Place.swift; sourceTree = "<group>"; };
		DCDE2A291D08A38E0049D38B /* neverathome.jpg */ = {isa = PBXFileReference; lastKnownFileType = image.jpeg; name = neverathome.jpg; path = ../../../../Downloads/neverathome.jpg; sourceTree = "<group>"; };
		DCDE2A2B1D08A4970049D38B /* LionsHead.jpg */ = {isa = PBXFileReference; lastKnownFileType = image.jpeg; name = LionsHead.jpg; path = ../../../../Downloads/LionsHead.jpg; sourceTree = "<group>"; };
		DCDE2A321D08AB9D0049D38B /* tableViewCell.swift */ = {isa = PBXFileReference; fileEncoding = 4; lastKnownFileType = sourcecode.swift; path = tableViewCell.swift; sourceTree = "<group>"; };
		DCDE2A331D08AB9D0049D38B /* tableViewCell.xib */ = {isa = PBXFileReference; fileEncoding = 4; lastKnownFileType = file.xib; path = tableViewCell.xib; sourceTree = "<group>"; };
		DCDE2A371D08AC4B0049D38B /* star_black.png */ = {isa = PBXFileReference; lastKnownFileType = image.png; name = star_black.png; path = ../../../../Downloads/star_black.png; sourceTree = "<group>"; };
		DCDE2A381D08AC4B0049D38B /* star_pink.png */ = {isa = PBXFileReference; lastKnownFileType = image.png; name = star_pink.png; path = ../../../../Downloads/star_pink.png; sourceTree = "<group>"; };
/* End PBXFileReference section */

/* Begin PBXFrameworksBuildPhase section */
		DCDE2A081D0895F50049D38B /* Frameworks */ = {
			isa = PBXFrameworksBuildPhase;
			buildActionMask = 2147483647;
			files = (
				DCDE2A251D089B990049D38B /* MapKit.framework in Frameworks */,
			);
			runOnlyForDeploymentPostprocessing = 0;
		};
/* End PBXFrameworksBuildPhase section */

/* Begin PBXGroup section */
		DCDE2A021D0895F50049D38B = {
			isa = PBXGroup;
			children = (
				DCDE2A241D089B990049D38B /* MapKit.framework */,
				DCDE2A0D1D0895F50049D38B /* iXplore2 */,
				DCDE2A0C1D0895F50049D38B /* Products */,
			);
			sourceTree = "<group>";
		};
		DCDE2A0C1D0895F50049D38B /* Products */ = {
			isa = PBXGroup;
			children = (
				DCDE2A0B1D0895F50049D38B /* iXplore2.app */,
			);
			name = Products;
			sourceTree = "<group>";
		};
		DCDE2A0D1D0895F50049D38B /* iXplore2 */ = {
			isa = PBXGroup;
			children = (
				DCDE2A361D08ABAA0049D38B /* Table View Cells */,
				DCDE2A281D08A3290049D38B /* images */,
				DCDE2A0E1D0895F50049D38B /* AppDelegate.swift */,
				DCDE2A151D0895F50049D38B /* Assets.xcassets */,
				DCDE2A171D0895F50049D38B /* LaunchScreen.storyboard */,
				DCDE2A1A1D0895F50049D38B /* Info.plist */,
				DCDE2A201D0896EE0049D38B /* MainScreenController.swift */,
				DCDE2A211D0896EE0049D38B /* MainScreenController.xib */,
				DCDE2A261D08A0EC0049D38B /* Place.swift */,
			);
			path = iXplore2;
			sourceTree = "<group>";
		};
		DCDE2A281D08A3290049D38B /* images */ = {
			isa = PBXGroup;
			children = (
				DCDE2A371D08AC4B0049D38B /* star_black.png */,
				DCDE2A381D08AC4B0049D38B /* star_pink.png */,
				DCDE2A2B1D08A4970049D38B /* LionsHead.jpg */,
				DCDE2A291D08A38E0049D38B /* neverathome.jpg */,
			);
			name = images;
			sourceTree = "<group>";
		};
		DCDE2A361D08ABAA0049D38B /* Table View Cells */ = {
			isa = PBXGroup;
			children = (
				DCDE2A321D08AB9D0049D38B /* tableViewCell.swift */,
				DCDE2A331D08AB9D0049D38B /* tableViewCell.xib */,
			);
			name = "Table View Cells";
			sourceTree = "<group>";
		};
/* End PBXGroup section */

/* Begin PBXNativeTarget section */
		DCDE2A0A1D0895F50049D38B /* iXplore2 */ = {
			isa = PBXNativeTarget;
			buildConfigurationList = DCDE2A1D1D0895F50049D38B /* Build configuration list for PBXNativeTarget "iXplore2" */;
			buildPhases = (
				DCDE2A071D0895F50049D38B /* Sources */,
				DCDE2A081D0895F50049D38B /* Frameworks */,
				DCDE2A091D0895F50049D38B /* Resources */,
			);
			buildRules = (
			);
			dependencies = (
			);
			name = iXplore2;
			productName = iXplore2;
			productReference = DCDE2A0B1D0895F50049D38B /* iXplore2.app */;
			productType = "com.apple.product-type.application";
		};
/* End PBXNativeTarget section */

/* Begin PBXProject section */
		DCDE2A031D0895F50049D38B /* Project object */ = {
			isa = PBXProject;
			attributes = {
				LastSwiftUpdateCheck = 0730;
				LastUpgradeCheck = 0730;
				ORGANIZATIONNAME = "Lauren Caverly";
				TargetAttributes = {
					DCDE2A0A1D0895F50049D38B = {
						CreatedOnToolsVersion = 7.3.1;
						SystemCapabilities = {
							com.apple.Maps.iOS = {
								enabled = 1;
							};
						};
					};
				};
			};
			buildConfigurationList = DCDE2A061D0895F50049D38B /* Build configuration list for PBXProject "iXplore2" */;
			compatibilityVersion = "Xcode 3.2";
			developmentRegion = English;
			hasScannedForEncodings = 0;
			knownRegions = (
				en,
				Base,
			);
			mainGroup = DCDE2A021D0895F50049D38B;
			productRefGroup = DCDE2A0C1D0895F50049D38B /* Products */;
			projectDirPath = "";
			projectRoot = "";
			targets = (
				DCDE2A0A1D0895F50049D38B /* iXplore2 */,
			);
		};
/* End PBXProject section */

/* Begin PBXResourcesBuildPhase section */
		DCDE2A091D0895F50049D38B /* Resources */ = {
			isa = PBXResourcesBuildPhase;
			buildActionMask = 2147483647;
			files = (
				DCDE2A2A1D08A38E0049D38B /* neverathome.jpg in Resources */,
				DCDE2A391D08AC4B0049D38B /* star_black.png in Resources */,
				DCDE2A191D0895F50049D38B /* LaunchScreen.storyboard in Resources */,
				DCDE2A3A1D08AC4B0049D38B /* star_pink.png in Resources */,
				DCDE2A231D0896EE0049D38B /* MainScreenController.xib in Resources */,
				DCDE2A161D0895F50049D38B /* Assets.xcassets in Resources */,
				DCDE2A2C1D08A4970049D38B /* LionsHead.jpg in Resources */,
				DCDE2A351D08AB9D0049D38B /* tableViewCell.xib in Resources */,
			);
			runOnlyForDeploymentPostprocessing = 0;
		};
/* End PBXResourcesBuildPhase section */

/* Begin PBXSourcesBuildPhase section */
		DCDE2A071D0895F50049D38B /* Sources */ = {
			isa = PBXSourcesBuildPhase;
			buildActionMask = 2147483647;
			files = (
				DCDE2A271D08A0EC0049D38B /* Place.swift in Sources */,
				DCDE2A341D08AB9D0049D38B /* tableViewCell.swift in Sources */,
				DCDE2A221D0896EE0049D38B /* MainScreenController.swift in Sources */,
				DCDE2A0F1D0895F50049D38B /* AppDelegate.swift in Sources */,
			);
			runOnlyForDeploymentPostprocessing = 0;
		};
/* End PBXSourcesBuildPhase section */

/* Begin PBXVariantGroup section */
		DCDE2A171D0895F50049D38B /* LaunchScreen.storyboard */ = {
			isa = PBXVariantGroup;
			children = (
				DCDE2A181D0895F50049D38B /* Base */,
			);
			name = LaunchScreen.storyboard;
			sourceTree = "<group>";
		};
/* End PBXVariantGroup section */

/* Begin XCBuildConfiguration section */
		DCDE2A1B1D0895F50049D38B /* Debug */ = {
			isa = XCBuildConfiguration;
			buildSettings = {
				ALWAYS_SEARCH_USER_PATHS = NO;
				CLANG_ANALYZER_NONNULL = YES;
				CLANG_CXX_LANGUAGE_STANDARD = "gnu++0x";
				CLANG_CXX_LIBRARY = "libc++";
				CLANG_ENABLE_MODULES = YES;
				CLANG_ENABLE_OBJC_ARC = YES;
				CLANG_WARN_BOOL_CONVERSION = YES;
				CLANG_WARN_CONSTANT_CONVERSION = YES;
				CLANG_WARN_DIRECT_OBJC_ISA_USAGE = YES_ERROR;
				CLANG_WARN_EMPTY_BODY = YES;
				CLANG_WARN_ENUM_CONVERSION = YES;
				CLANG_WARN_INT_CONVERSION = YES;
				CLANG_WARN_OBJC_ROOT_CLASS = YES_ERROR;
				CLANG_WARN_UNREACHABLE_CODE = YES;
				CLANG_WARN__DUPLICATE_METHOD_MATCH = YES;
				"CODE_SIGN_IDENTITY[sdk=iphoneos*]" = "iPhone Developer";
				COPY_PHASE_STRIP = NO;
				DEBUG_INFORMATION_FORMAT = dwarf;
				ENABLE_STRICT_OBJC_MSGSEND = YES;
				ENABLE_TESTABILITY = YES;
				GCC_C_LANGUAGE_STANDARD = gnu99;
				GCC_DYNAMIC_NO_PIC = NO;
				GCC_NO_COMMON_BLOCKS = YES;
				GCC_OPTIMIZATION_LEVEL = 0;
				GCC_PREPROCESSOR_DEFINITIONS = (
					"DEBUG=1",
					"$(inherited)",
				);
				GCC_WARN_64_TO_32_BIT_CONVERSION = YES;
				GCC_WARN_ABOUT_RETURN_TYPE = YES_ERROR;
				GCC_WARN_UNDECLARED_SELECTOR = YES;
				GCC_WARN_UNINITIALIZED_AUTOS = YES_AGGRESSIVE;
				GCC_WARN_UNUSED_FUNCTION = YES;
				GCC_WARN_UNUSED_VARIABLE = YES;
				IPHONEOS_DEPLOYMENT_TARGET = 9.3;
				MTL_ENABLE_DEBUG_INFO = YES;
				ONLY_ACTIVE_ARCH = YES;
				SDKROOT = iphoneos;
				SWIFT_OPTIMIZATION_LEVEL = "-Onone";
			};
			name = Debug;
		};
		DCDE2A1C1D0895F50049D38B /* Release */ = {
			isa = XCBuildConfiguration;
			buildSettings = {
				ALWAYS_SEARCH_USER_PATHS = NO;
				CLANG_ANALYZER_NONNULL = YES;
				CLANG_CXX_LANGUAGE_STANDARD = "gnu++0x";
				CLANG_CXX_LIBRARY = "libc++";
				CLANG_ENABLE_MODULES = YES;
				CLANG_ENABLE_OBJC_ARC = YES;
				CLANG_WARN_BOOL_CONVERSION = YES;
				CLANG_WARN_CONSTANT_CONVERSION = YES;
				CLANG_WARN_DIRECT_OBJC_ISA_USAGE = YES_ERROR;
				CLANG_WARN_EMPTY_BODY = YES;
				CLANG_WARN_ENUM_CONVERSION = YES;
				CLANG_WARN_INT_CONVERSION = YES;
				CLANG_WARN_OBJC_ROOT_CLASS = YES_ERROR;
				CLANG_WARN_UNREACHABLE_CODE = YES;
				CLANG_WARN__DUPLICATE_METHOD_MATCH = YES;
				"CODE_SIGN_IDENTITY[sdk=iphoneos*]" = "iPhone Developer";
				COPY_PHASE_STRIP = NO;
				DEBUG_INFORMATION_FORMAT = "dwarf-with-dsym";
				ENABLE_NS_ASSERTIONS = NO;
				ENABLE_STRICT_OBJC_MSGSEND = YES;
				GCC_C_LANGUAGE_STANDARD = gnu99;
				GCC_NO_COMMON_BLOCKS = YES;
				GCC_WARN_64_TO_32_BIT_CONVERSION = YES;
				GCC_WARN_ABOUT_RETURN_TYPE = YES_ERROR;
				GCC_WARN_UNDECLARED_SELECTOR = YES;
				GCC_WARN_UNINITIALIZED_AUTOS = YES_AGGRESSIVE;
				GCC_WARN_UNUSED_FUNCTION = YES;
				GCC_WARN_UNUSED_VARIABLE = YES;
				IPHONEOS_DEPLOYMENT_TARGET = 9.3;
				MTL_ENABLE_DEBUG_INFO = NO;
				SDKROOT = iphoneos;
				VALIDATE_PRODUCT = YES;
			};
			name = Release;
		};
		DCDE2A1E1D0895F50049D38B /* Debug */ = {
			isa = XCBuildConfiguration;
			buildSettings = {
				ASSETCATALOG_COMPILER_APPICON_NAME = AppIcon;
				INFOPLIST_FILE = iXplore2/Info.plist;
				LD_RUNPATH_SEARCH_PATHS = "$(inherited) @executable_path/Frameworks";
				PRODUCT_BUNDLE_IDENTIFIER = com.iXperience.iXplore2;
				PRODUCT_NAME = "$(TARGET_NAME)";
			};
			name = Debug;
		};
		DCDE2A1F1D0895F50049D38B /* Release */ = {
			isa = XCBuildConfiguration;
			buildSettings = {
				ASSETCATALOG_COMPILER_APPICON_NAME = AppIcon;
				INFOPLIST_FILE = iXplore2/Info.plist;
				LD_RUNPATH_SEARCH_PATHS = "$(inherited) @executable_path/Frameworks";
				PRODUCT_BUNDLE_IDENTIFIER = com.iXperience.iXplore2;
				PRODUCT_NAME = "$(TARGET_NAME)";
			};
			name = Release;
		};
/* End XCBuildConfiguration section */

/* Begin XCConfigurationList section */
		DCDE2A061D0895F50049D38B /* Build configuration list for PBXProject "iXplore2" */ = {
			isa = XCConfigurationList;
			buildConfigurations = (
				DCDE2A1B1D0895F50049D38B /* Debug */,
				DCDE2A1C1D0895F50049D38B /* Release */,
			);
			defaultConfigurationIsVisible = 0;
			defaultConfigurationName = Release;
		};
		DCDE2A1D1D0895F50049D38B /* Build configuration list for PBXNativeTarget "iXplore2" */ = {
			isa = XCConfigurationList;
			buildConfigurations = (
				DCDE2A1E1D0895F50049D38B /* Debug */,
				DCDE2A1F1D0895F50049D38B /* Release */,
			);
			defaultConfigurationIsVisible = 0;
		};
/* End XCConfigurationList section */
	};
	rootObject = DCDE2A031D0895F50049D38B /* Project object */;
}
